
Microsoft Visual Studio Solution File, Format Version 12.00
# Visual Studio Version 17
VisualStudioVersion = 17.9.34607.119
MinimumVisualStudioVersion = 10.0.40219.1
Project("{FAE04EC0-301F-11D3-BF4B-00C04F79EFBC}") = "Lab4", "Lab4\Lab4.csproj", "{FEDA697F-5146-4083-96AA-A15B3D552A2C}"
EndProject
Global
	GlobalSection(SolutionConfigurationPlatforms) = preSolution
		Debug|Any CPU = Debug|Any CPU
		Release|Any CPU = Release|Any CPU
	EndGlobalSection
	GlobalSection(ProjectConfigurationPlatforms) = postSolution
		{FEDA697F-5146-4083-96AA-A15B3D552A2C}.Debug|Any CPU.ActiveCfg = Debug|Any CPU
		{FEDA697F-5146-4083-96AA-A15B3D552A2C}.Debug|Any CPU.Build.0 = Debug|Any CPU
		{FEDA697F-5146-4083-96AA-A15B3D552A2C}.Release|Any CPU.ActiveCfg = Release|Any CPU
		{FEDA697F-5146-4083-96AA-A15B3D552A2C}.Release|Any CPU.Build.0 = Release|Any CPU
	EndGlobalSection
	GlobalSection(SolutionProperties) = preSolution
		HideSolutionNode = FALSE
	EndGlobalSection
	GlobalSection(ExtensibilityGlobals) = postSolution
		SolutionGuid = {067C325C-8F2C-42DF-A510-479AB5E15630}
	EndGlobalSection
EndGlobal
